
Microsoft Visual Studio Solution File, Format Version 12.00
# Visual Studio Version 17
VisualStudioVersion = 17.3.32804.467
MinimumVisualStudioVersion = 10.0.40219.1
Project("{8BC9CEB8-8B4A-11D0-8D11-00A0C91BC942}") = "Bài 001", "Bài 001\Bài 001.vcxproj", "{7149AE53-E5A7-4B12-A458-732549799370}"
EndProject
Project("{8BC9CEB8-8B4A-11D0-8D11-00A0C91BC942}") = "Bài 002", "Bài 002\Bài 002.vcxproj", "{FA3FDB84-2E97-4F7A-8C17-1B9E2915E03B}"
EndProject
Project("{8BC9CEB8-8B4A-11D0-8D11-00A0C91BC942}") = "Bài 003", "Bài 003\Bài 003.vcxproj", "{CE82274C-D16F-4789-AF25-3F603FD1440B}"
EndProject
Project("{8BC9CEB8-8B4A-11D0-8D11-00A0C91BC942}") = "Bài 004", "Bài 004\Bài 004.vcxproj", "{78166B66-86AF-4AC3-92CB-B98B03500F31}"
EndProject
Project("{8BC9CEB8-8B4A-11D0-8D11-00A0C91BC942}") = "Bài 005", "Bài 005\Bài 005.vcxproj", "{90E05494-6B4C-435A-B52E-749836FAD9BE}"
EndProject
Project("{8BC9CEB8-8B4A-11D0-8D11-00A0C91BC942}") = "Bài 006", "Bài 006\Bài 006.vcxproj", "{1AD70EDD-8AD4-427B-883D-31F15D7D0E61}"
EndProject
Project("{8BC9CEB8-8B4A-11D0-8D11-00A0C91BC942}") = "Bài 007", "Bài 007\Bài 007.vcxproj", "{47B794A1-943D-45FB-A36D-9AA33F699353}"
EndProject
Project("{8BC9CEB8-8B4A-11D0-8D11-00A0C91BC942}") = "Bài 008", "BÀi 008\BÀi 008.vcxproj", "{D70C1F06-9547-4816-A946-AD78EA2A272E}"
EndProject
Project("{8BC9CEB8-8B4A-11D0-8D11-00A0C91BC942}") = "Bài 009", "Bài 009\Bài 009.vcxproj", "{15AACEE2-E88D-47C5-A4F9-62FE23AE6452}"
EndProject
Project("{8BC9CEB8-8B4A-11D0-8D11-00A0C91BC942}") = "Bài 010", "Bài 010\Bài 010.vcxproj", "{9AA1747A-B15D-4366-AC58-15492D78A503}"
EndProject
Project("{8BC9CEB8-8B4A-11D0-8D11-00A0C91BC942}") = "Bài 011", "Bài 011\Bài 011.vcxproj", "{5FF478F3-7F73-4DB8-B2D4-9740C1B1572C}"
EndProject
Project("{8BC9CEB8-8B4A-11D0-8D11-00A0C91BC942}") = "Bài 012", "Bài 012\Bài 012.vcxproj", "{C33C90D2-AD91-4A5A-BF36-1E913CAA0530}"
EndProject
Project("{8BC9CEB8-8B4A-11D0-8D11-00A0C91BC942}") = "Bài 013", "Bài 013\Bài 013.vcxproj", "{DFD96B5F-F3A9-4397-9168-5C99DD064C25}"
EndProject
Project("{8BC9CEB8-8B4A-11D0-8D11-00A0C91BC942}") = "Bài 014", "Bài 014\Bài 014.vcxproj", "{1A59CB4A-4196-4A35-BC99-68D5B1D332D9}"
EndProject
Project("{8BC9CEB8-8B4A-11D0-8D11-00A0C91BC942}") = "Bài 015", "Bài 015\Bài 015.vcxproj", "{3433D3E5-3761-49E1-B704-1428A1BD6C8B}"
EndProject
Project("{8BC9CEB8-8B4A-11D0-8D11-00A0C91BC942}") = "Bài 016", "Bài 016\Bài 016.vcxproj", "{7293ECFE-677F-4400-A87F-FED9857668BB}"
EndProject
Project("{8BC9CEB8-8B4A-11D0-8D11-00A0C91BC942}") = "Bài 017", "Bài 017\Bài 017.vcxproj", "{44E781F9-E314-46F5-9499-A5CDAFD5CF97}"
EndProject
Project("{8BC9CEB8-8B4A-11D0-8D11-00A0C91BC942}") = "Bài 018", "Bài 018\Bài 018.vcxproj", "{BFC3B0CE-8DF0-46FA-82D5-55B70E24DF43}"
EndProject
Project("{8BC9CEB8-8B4A-11D0-8D11-00A0C91BC942}") = "Bài 019", "Bài 019\Bài 019.vcxproj", "{62C0BAC8-64C4-4A8D-BACC-9BEBCFC21EA7}"
EndProject
Project("{8BC9CEB8-8B4A-11D0-8D11-00A0C91BC942}") = "Bài 020", "Bài 020\Bài 020.vcxproj", "{44C7F9BE-7FDC-446A-93B9-902A45845E50}"
EndProject
Project("{8BC9CEB8-8B4A-11D0-8D11-00A0C91BC942}") = "Bài 021", "Bài 021\Bài 021.vcxproj", "{4707CBE6-CDAA-4B4E-9026-44F30A96F6AE}"
EndProject
Project("{8BC9CEB8-8B4A-11D0-8D11-00A0C91BC942}") = "Bài 022", "Bài 022\Bài 022.vcxproj", "{5334645E-94D6-4824-8611-C45B4976FDA8}"
EndProject
Project("{8BC9CEB8-8B4A-11D0-8D11-00A0C91BC942}") = "Bài 023", "Bài 023\Bài 023.vcxproj", "{1058B59F-ADA2-4940-ADF0-B8375E76CE28}"
EndProject
Project("{8BC9CEB8-8B4A-11D0-8D11-00A0C91BC942}") = "Bài 024", "Bài 024\Bài 024.vcxproj", "{1B65D813-3CD9-47AE-AE6D-EF871A19A928}"
EndProject
Project("{8BC9CEB8-8B4A-11D0-8D11-00A0C91BC942}") = "Bài 025", "Bài 025\Bài 025.vcxproj", "{A477D90D-AD45-4491-BAEF-5FD9446909D0}"
EndProject
Project("{8BC9CEB8-8B4A-11D0-8D11-00A0C91BC942}") = "Bài 026", "Bài 026\Bài 026.vcxproj", "{EC76E4A8-6245-4B9B-97D5-A67C9A90CA83}"
EndProject
Project("{8BC9CEB8-8B4A-11D0-8D11-00A0C91BC942}") = "Bài 027", "Bài 027\Bài 027.vcxproj", "{174A2771-C5D7-4B0A-8381-E012F84BB575}"
EndProject
Project("{8BC9CEB8-8B4A-11D0-8D11-00A0C91BC942}") = "Bài 028", "Bài 028\Bài 028.vcxproj", "{6CCF9A4D-3019-49F7-A985-8BF4D5D587DB}"
EndProject
Project("{8BC9CEB8-8B4A-11D0-8D11-00A0C91BC942}") = "Bài 029", "Bài 029\Bài 029.vcxproj", "{D4EA57A3-C6DD-4B1A-B2AE-937C0A97C5B9}"
EndProject
Project("{8BC9CEB8-8B4A-11D0-8D11-00A0C91BC942}") = "Bài 030", "Bài 030\Bài 030.vcxproj", "{69BF0811-A383-43D0-9B18-C843D12B910B}"
EndProject
Project("{8BC9CEB8-8B4A-11D0-8D11-00A0C91BC942}") = "Bài 031", "Bài 031\Bài 031.vcxproj", "{C01A3485-783F-4A5D-8EE3-3FE3212F3194}"
EndProject
Project("{8BC9CEB8-8B4A-11D0-8D11-00A0C91BC942}") = "Bài 032", "Bài 032\Bài 032.vcxproj", "{D8735032-7934-4260-86D7-096EB40E1653}"
EndProject
Project("{8BC9CEB8-8B4A-11D0-8D11-00A0C91BC942}") = "Bài 033", "Bài 033\Bài 033.vcxproj", "{81C74828-D0AF-42FE-B18E-4A16D1B72075}"
EndProject
Project("{8BC9CEB8-8B4A-11D0-8D11-00A0C91BC942}") = "Bài 034", "Bài 034\Bài 034.vcxproj", "{C9E1CCA2-4034-414E-A2B2-7CE5D9AFF0A3}"
EndProject
Project("{8BC9CEB8-8B4A-11D0-8D11-00A0C91BC942}") = "Bài 035", "Bài 035\Bài 035.vcxproj", "{DB0BCE9A-EE01-44C9-B6A2-D5CB1D2004DD}"
EndProject
Project("{8BC9CEB8-8B4A-11D0-8D11-00A0C91BC942}") = "Bài 036", "Bài 036\Bài 036.vcxproj", "{6AF7EEC0-6FC7-4149-82B4-40E2D5DF9604}"
EndProject
Project("{8BC9CEB8-8B4A-11D0-8D11-00A0C91BC942}") = "Bài 037", "Bài 037\Bài 037.vcxproj", "{BDEE7A9E-A167-4DD9-82DC-2F8ED642AD75}"
EndProject
Project("{8BC9CEB8-8B4A-11D0-8D11-00A0C91BC942}") = "Bài 038", "Bài 038\Bài 038.vcxproj", "{F9AC9E01-F09C-4A06-A698-52A132AC33AB}"
EndProject
Project("{8BC9CEB8-8B4A-11D0-8D11-00A0C91BC942}") = "Bài 039", "Bài 039\Bài 039.vcxproj", "{0B886B2D-B54E-42C2-A939-55C66E377AD9}"
EndProject
Project("{8BC9CEB8-8B4A-11D0-8D11-00A0C91BC942}") = "Bài 040", "Bài 040\Bài 040.vcxproj", "{5B64302E-6543-46B6-B837-0BFECB2A25DB}"
EndProject
Project("{8BC9CEB8-8B4A-11D0-8D11-00A0C91BC942}") = "Bài 041", "Bài 041\Bài 041.vcxproj", "{B652EE33-0C05-4A0E-9ED0-EA5360B976C5}"
EndProject
Project("{8BC9CEB8-8B4A-11D0-8D11-00A0C91BC942}") = "Bài 042", "Bài 042\Bài 042.vcxproj", "{5FD080EC-C5D6-4F46-BED7-04B2C176FC28}"
EndProject
Project("{8BC9CEB8-8B4A-11D0-8D11-00A0C91BC942}") = "Bài 043", "Bài 043\Bài 043.vcxproj", "{481FEE68-E62D-4EEE-9903-CC5BB0BD2A90}"
EndProject
Project("{8BC9CEB8-8B4A-11D0-8D11-00A0C91BC942}") = "Bài 044", "Bài 044\Bài 044.vcxproj", "{83219DA9-1A79-48A6-A831-FF3F6FF87480}"
EndProject
Project("{8BC9CEB8-8B4A-11D0-8D11-00A0C91BC942}") = "Bài 045", "Bài 045\Bài 045.vcxproj", "{2CF67457-5B88-4777-82EF-5B680A1A5483}"
EndProject
Project("{8BC9CEB8-8B4A-11D0-8D11-00A0C91BC942}") = "Bài 046", "Bài 046\Bài 046.vcxproj", "{290C5EF0-C567-47E2-B5A4-3A44B74991E0}"
EndProject
Project("{8BC9CEB8-8B4A-11D0-8D11-00A0C91BC942}") = "Bài 047", "Bài 047\Bài 047.vcxproj", "{3054AACF-DFDF-478E-8A6E-562B668C3BCA}"
EndProject
Project("{8BC9CEB8-8B4A-11D0-8D11-00A0C91BC942}") = "Bài 048", "Bài 048\Bài 048.vcxproj", "{9A3A3260-5841-41CF-A898-E0A3920098A8}"
EndProject
Project("{8BC9CEB8-8B4A-11D0-8D11-00A0C91BC942}") = "Bài 049", "Bài 049\Bài 049.vcxproj", "{4E645D6A-1117-4924-9233-305D827D4320}"
EndProject
Project("{8BC9CEB8-8B4A-11D0-8D11-00A0C91BC942}") = "Bài 050", "Bài 050\Bài 050.vcxproj", "{D2C0E1FF-750E-49E6-80AA-5890C7C9804B}"
EndProject
Project("{8BC9CEB8-8B4A-11D0-8D11-00A0C91BC942}") = "Bài 051", "Bài 051\Bài 051.vcxproj", "{BFCB49BB-A7BE-41FA-9942-7A1F495D49D5}"
EndProject
Project("{8BC9CEB8-8B4A-11D0-8D11-00A0C91BC942}") = "Bài 052", "Bài 052\Bài 052.vcxproj", "{1CC5844F-09AE-4688-8D86-046139C67846}"
EndProject
Project("{8BC9CEB8-8B4A-11D0-8D11-00A0C91BC942}") = "Bài 053", "Bài 053\Bài 053.vcxproj", "{F8AA9219-D0C8-483C-B8E7-BB6F04C0CCEA}"
EndProject
Project("{8BC9CEB8-8B4A-11D0-8D11-00A0C91BC942}") = "Bài 054", "Bài 054\Bài 054.vcxproj", "{385A311F-1738-4FCC-8FE9-CFCC393A0D5E}"
EndProject
Project("{8BC9CEB8-8B4A-11D0-8D11-00A0C91BC942}") = "Bài 055", "Bài 055\Bài 055.vcxproj", "{F56AC4BA-4FCC-4C19-A7A2-3CAF65DA3DCF}"
EndProject
Project("{8BC9CEB8-8B4A-11D0-8D11-00A0C91BC942}") = "Bài 056", "Bài 056\Bài 056.vcxproj", "{E223E733-7B63-436D-8DCD-D66C8AD527DC}"
EndProject
Project("{8BC9CEB8-8B4A-11D0-8D11-00A0C91BC942}") = "Bài 057", "Bài 057\Bài 057.vcxproj", "{A3E186E2-49CC-41DB-B3DE-A9D922E1A878}"
EndProject
Project("{8BC9CEB8-8B4A-11D0-8D11-00A0C91BC942}") = "Bài 058", "Bài 058\Bài 058.vcxproj", "{7A7A11D4-5F5D-4373-941A-1970A2948E4C}"
EndProject
Project("{8BC9CEB8-8B4A-11D0-8D11-00A0C91BC942}") = "Bài 059", "Bài 059\Bài 059.vcxproj", "{E004B8C7-B843-42EC-9AF6-261CE2C9B10D}"
EndProject
Project("{8BC9CEB8-8B4A-11D0-8D11-00A0C91BC942}") = "Bài 060", "BÀi 060\BÀi 060.vcxproj", "{1E353272-A02C-462B-A88E-80005A0B5AB6}"
EndProject
Project("{8BC9CEB8-8B4A-11D0-8D11-00A0C91BC942}") = "Bài 061", "Bài 061\Bài 061.vcxproj", "{0DFE5035-3933-48A0-80E8-C3485C0ABE15}"
EndProject
Project("{8BC9CEB8-8B4A-11D0-8D11-00A0C91BC942}") = "Bài 062", "Bài 062\Bài 062.vcxproj", "{8A9216B8-E515-4CD9-89C3-AD1AD9DAD539}"
EndProject
Project("{8BC9CEB8-8B4A-11D0-8D11-00A0C91BC942}") = "Bài 063", "Bài 063\Bài 063.vcxproj", "{E9AACB87-5030-40D1-92B5-F262DD75F896}"
EndProject
Project("{8BC9CEB8-8B4A-11D0-8D11-00A0C91BC942}") = "Bài 064", "Bài 064\Bài 064.vcxproj", "{2BF89BE6-0D47-411B-BA11-4B8617965C59}"
EndProject
Project("{8BC9CEB8-8B4A-11D0-8D11-00A0C91BC942}") = "Bài 065", "Bài 065\Bài 065.vcxproj", "{98AF9536-A5EE-4F87-8E6C-6F0C85ADBC47}"
EndProject
Project("{8BC9CEB8-8B4A-11D0-8D11-00A0C91BC942}") = "Bài 066", "Bài 066\Bài 066.vcxproj", "{152088FD-9D28-44FE-83B2-305E3656542E}"
EndProject
Project("{8BC9CEB8-8B4A-11D0-8D11-00A0C91BC942}") = "Bài 067", "Bài 067\Bài 067.vcxproj", "{60256708-78C7-430E-98E0-399BBD5B4D2B}"
EndProject
Project("{8BC9CEB8-8B4A-11D0-8D11-00A0C91BC942}") = "Bài 068", "Bài 068\Bài 068.vcxproj", "{476678C1-2148-4779-BA31-E2133E976351}"
EndProject
Project("{8BC9CEB8-8B4A-11D0-8D11-00A0C91BC942}") = "Bài 069", "Bài 069\Bài 069.vcxproj", "{515DE5C8-FED1-440D-BACB-A8CFED9124C7}"
EndProject
Project("{8BC9CEB8-8B4A-11D0-8D11-00A0C91BC942}") = "Bài 070", "Bài 070\Bài 070.vcxproj", "{018AD480-80A5-4F73-9D08-7660C5C82ED4}"
EndProject
Project("{8BC9CEB8-8B4A-11D0-8D11-00A0C91BC942}") = "Bài 071", "Bài 071\Bài 071.vcxproj", "{23462D61-53CB-43EC-9A13-58771AE3FC43}"
EndProject
Project("{8BC9CEB8-8B4A-11D0-8D11-00A0C91BC942}") = "Bài 072", "Bài 072\Bài 072.vcxproj", "{91D24595-D2B3-40EC-B4D1-D1798849DC88}"
EndProject
Project("{8BC9CEB8-8B4A-11D0-8D11-00A0C91BC942}") = "Bài 073", "Bài 073\Bài 073.vcxproj", "{C4B20180-1F67-4D5B-9D66-4A261C82D68C}"
EndProject
Project("{8BC9CEB8-8B4A-11D0-8D11-00A0C91BC942}") = "Bài 074", "Bài 074\Bài 074.vcxproj", "{7399E936-4A82-4F14-A262-8C64ED946A14}"
EndProject
Project("{8BC9CEB8-8B4A-11D0-8D11-00A0C91BC942}") = "Bài 075", "Bài 075\Bài 075.vcxproj", "{6C6A9E69-78C0-43C1-9B13-B6081A81D2A9}"
EndProject
Project("{8BC9CEB8-8B4A-11D0-8D11-00A0C91BC942}") = "Bài 076", "Bài 076\Bài 076.vcxproj", "{ECD69FA3-86FD-47C8-8DA9-7AEE92EBDA19}"
EndProject
Project("{8BC9CEB8-8B4A-11D0-8D11-00A0C91BC942}") = "Bài 077", "Bài 077\Bài 077.vcxproj", "{DF1FB410-A8A2-4FAE-ABA1-36D367F7ED41}"
EndProject
Project("{8BC9CEB8-8B4A-11D0-8D11-00A0C91BC942}") = "Bài 078", "Bài 078\Bài 078.vcxproj", "{453B671E-7D85-4A2E-9E4B-1D9FB00F0A33}"
EndProject
Project("{8BC9CEB8-8B4A-11D0-8D11-00A0C91BC942}") = "Bài 079", "Bài 079\Bài 079.vcxproj", "{5B474A78-6E1A-4A8F-84F0-C99926D77CBA}"
EndProject
Project("{8BC9CEB8-8B4A-11D0-8D11-00A0C91BC942}") = "Bài 080", "Bài 080\Bài 080.vcxproj", "{238C51B0-BD23-4DA1-B3E9-17012612914B}"
EndProject
Global
	GlobalSection(SolutionConfigurationPlatforms) = preSolution
		Debug|x64 = Debug|x64
		Debug|x86 = Debug|x86
		Release|x64 = Release|x64
		Release|x86 = Release|x86
	EndGlobalSection
	GlobalSection(ProjectConfigurationPlatforms) = postSolution
		{7149AE53-E5A7-4B12-A458-732549799370}.Debug|x64.ActiveCfg = Debug|x64
		{7149AE53-E5A7-4B12-A458-732549799370}.Debug|x64.Build.0 = Debug|x64
		{7149AE53-E5A7-4B12-A458-732549799370}.Debug|x86.ActiveCfg = Debug|Win32
		{7149AE53-E5A7-4B12-A458-732549799370}.Debug|x86.Build.0 = Debug|Win32
		{7149AE53-E5A7-4B12-A458-732549799370}.Release|x64.ActiveCfg = Release|x64
		{7149AE53-E5A7-4B12-A458-732549799370}.Release|x64.Build.0 = Release|x64
		{7149AE53-E5A7-4B12-A458-732549799370}.Release|x86.ActiveCfg = Release|Win32
		{7149AE53-E5A7-4B12-A458-732549799370}.Release|x86.Build.0 = Release|Win32
		{FA3FDB84-2E97-4F7A-8C17-1B9E2915E03B}.Debug|x64.ActiveCfg = Debug|x64
		{FA3FDB84-2E97-4F7A-8C17-1B9E2915E03B}.Debug|x64.Build.0 = Debug|x64
		{FA3FDB84-2E97-4F7A-8C17-1B9E2915E03B}.Debug|x86.ActiveCfg = Debug|Win32
		{FA3FDB84-2E97-4F7A-8C17-1B9E2915E03B}.Debug|x86.Build.0 = Debug|Win32
		{FA3FDB84-2E97-4F7A-8C17-1B9E2915E03B}.Release|x64.ActiveCfg = Release|x64
		{FA3FDB84-2E97-4F7A-8C17-1B9E2915E03B}.Release|x64.Build.0 = Release|x64
		{FA3FDB84-2E97-4F7A-8C17-1B9E2915E03B}.Release|x86.ActiveCfg = Release|Win32
		{FA3FDB84-2E97-4F7A-8C17-1B9E2915E03B}.Release|x86.Build.0 = Release|Win32
		{CE82274C-D16F-4789-AF25-3F603FD1440B}.Debug|x64.ActiveCfg = Debug|x64
		{CE82274C-D16F-4789-AF25-3F603FD1440B}.Debug|x64.Build.0 = Debug|x64
		{CE82274C-D16F-4789-AF25-3F603FD1440B}.Debug|x86.ActiveCfg = Debug|Win32
		{CE82274C-D16F-4789-AF25-3F603FD1440B}.Debug|x86.Build.0 = Debug|Win32
		{CE82274C-D16F-4789-AF25-3F603FD1440B}.Release|x64.ActiveCfg = Release|x64
		{CE82274C-D16F-4789-AF25-3F603FD1440B}.Release|x64.Build.0 = Release|x64
		{CE82274C-D16F-4789-AF25-3F603FD1440B}.Release|x86.ActiveCfg = Release|Win32
		{CE82274C-D16F-4789-AF25-3F603FD1440B}.Release|x86.Build.0 = Release|Win32
		{78166B66-86AF-4AC3-92CB-B98B03500F31}.Debug|x64.ActiveCfg = Debug|x64
		{78166B66-86AF-4AC3-92CB-B98B03500F31}.Debug|x64.Build.0 = Debug|x64
		{78166B66-86AF-4AC3-92CB-B98B03500F31}.Debug|x86.ActiveCfg = Debug|Win32
		{78166B66-86AF-4AC3-92CB-B98B03500F31}.Debug|x86.Build.0 = Debug|Win32
		{78166B66-86AF-4AC3-92CB-B98B03500F31}.Release|x64.ActiveCfg = Release|x64
		{78166B66-86AF-4AC3-92CB-B98B03500F31}.Release|x64.Build.0 = Release|x64
		{78166B66-86AF-4AC3-92CB-B98B03500F31}.Release|x86.ActiveCfg = Release|Win32
		{78166B66-86AF-4AC3-92CB-B98B03500F31}.Release|x86.Build.0 = Release|Win32
		{90E05494-6B4C-435A-B52E-749836FAD9BE}.Debug|x64.ActiveCfg = Debug|x64
		{90E05494-6B4C-435A-B52E-749836FAD9BE}.Debug|x64.Build.0 = Debug|x64
		{90E05494-6B4C-435A-B52E-749836FAD9BE}.Debug|x86.ActiveCfg = Debug|Win32
		{90E05494-6B4C-435A-B52E-749836FAD9BE}.Debug|x86.Build.0 = Debug|Win32
		{90E05494-6B4C-435A-B52E-749836FAD9BE}.Release|x64.ActiveCfg = Release|x64
		{90E05494-6B4C-435A-B52E-749836FAD9BE}.Release|x64.Build.0 = Release|x64
		{90E05494-6B4C-435A-B52E-749836FAD9BE}.Release|x86.ActiveCfg = Release|Win32
		{90E05494-6B4C-435A-B52E-749836FAD9BE}.Release|x86.Build.0 = Release|Win32
		{1AD70EDD-8AD4-427B-883D-31F15D7D0E61}.Debug|x64.ActiveCfg = Debug|x64
		{1AD70EDD-8AD4-427B-883D-31F15D7D0E61}.Debug|x64.Build.0 = Debug|x64
		{1AD70EDD-8AD4-427B-883D-31F15D7D0E61}.Debug|x86.ActiveCfg = Debug|Win32
		{1AD70EDD-8AD4-427B-883D-31F15D7D0E61}.Debug|x86.Build.0 = Debug|Win32
		{1AD70EDD-8AD4-427B-883D-31F15D7D0E61}.Release|x64.ActiveCfg = Release|x64
		{1AD70EDD-8AD4-427B-883D-31F15D7D0E61}.Release|x64.Build.0 = Release|x64
		{1AD70EDD-8AD4-427B-883D-31F15D7D0E61}.Release|x86.ActiveCfg = Release|Win32
		{1AD70EDD-8AD4-427B-883D-31F15D7D0E61}.Release|x86.Build.0 = Release|Win32
		{47B794A1-943D-45FB-A36D-9AA33F699353}.Debug|x64.ActiveCfg = Debug|x64
		{47B794A1-943D-45FB-A36D-9AA33F699353}.Debug|x64.Build.0 = Debug|x64
		{47B794A1-943D-45FB-A36D-9AA33F699353}.Debug|x86.ActiveCfg = Debug|Win32
		{47B794A1-943D-45FB-A36D-9AA33F699353}.Debug|x86.Build.0 = Debug|Win32
		{47B794A1-943D-45FB-A36D-9AA33F699353}.Release|x64.ActiveCfg = Release|x64
		{47B794A1-943D-45FB-A36D-9AA33F699353}.Release|x64.Build.0 = Release|x64
		{47B794A1-943D-45FB-A36D-9AA33F699353}.Release|x86.ActiveCfg = Release|Win32
		{47B794A1-943D-45FB-A36D-9AA33F699353}.Release|x86.Build.0 = Release|Win32
		{D70C1F06-9547-4816-A946-AD78EA2A272E}.Debug|x64.ActiveCfg = Debug|x64
		{D70C1F06-9547-4816-A946-AD78EA2A272E}.Debug|x64.Build.0 = Debug|x64
		{D70C1F06-9547-4816-A946-AD78EA2A272E}.Debug|x86.ActiveCfg = Debug|Win32
		{D70C1F06-9547-4816-A946-AD78EA2A272E}.Debug|x86.Build.0 = Debug|Win32
		{D70C1F06-9547-4816-A946-AD78EA2A272E}.Release|x64.ActiveCfg = Release|x64
		{D70C1F06-9547-4816-A946-AD78EA2A272E}.Release|x64.Build.0 = Release|x64
		{D70C1F06-9547-4816-A946-AD78EA2A272E}.Release|x86.ActiveCfg = Release|Win32
		{D70C1F06-9547-4816-A946-AD78EA2A272E}.Release|x86.Build.0 = Release|Win32
		{15AACEE2-E88D-47C5-A4F9-62FE23AE6452}.Debug|x64.ActiveCfg = Debug|x64
		{15AACEE2-E88D-47C5-A4F9-62FE23AE6452}.Debug|x64.Build.0 = Debug|x64
		{15AACEE2-E88D-47C5-A4F9-62FE23AE6452}.Debug|x86.ActiveCfg = Debug|Win32
		{15AACEE2-E88D-47C5-A4F9-62FE23AE6452}.Debug|x86.Build.0 = Debug|Win32
		{15AACEE2-E88D-47C5-A4F9-62FE23AE6452}.Release|x64.ActiveCfg = Release|x64
		{15AACEE2-E88D-47C5-A4F9-62FE23AE6452}.Release|x64.Build.0 = Release|x64
		{15AACEE2-E88D-47C5-A4F9-62FE23AE6452}.Release|x86.ActiveCfg = Release|Win32
		{15AACEE2-E88D-47C5-A4F9-62FE23AE6452}.Release|x86.Build.0 = Release|Win32
		{9AA1747A-B15D-4366-AC58-15492D78A503}.Debug|x64.ActiveCfg = Debug|x64
		{9AA1747A-B15D-4366-AC58-15492D78A503}.Debug|x64.Build.0 = Debug|x64
		{9AA1747A-B15D-4366-AC58-15492D78A503}.Debug|x86.ActiveCfg = Debug|Win32
		{9AA1747A-B15D-4366-AC58-15492D78A503}.Debug|x86.Build.0 = Debug|Win32
		{9AA1747A-B15D-4366-AC58-15492D78A503}.Release|x64.ActiveCfg = Release|x64
		{9AA1747A-B15D-4366-AC58-15492D78A503}.Release|x64.Build.0 = Release|x64
		{9AA1747A-B15D-4366-AC58-15492D78A503}.Release|x86.ActiveCfg = Release|Win32
		{9AA1747A-B15D-4366-AC58-15492D78A503}.Release|x86.Build.0 = Release|Win32
		{5FF478F3-7F73-4DB8-B2D4-9740C1B1572C}.Debug|x64.ActiveCfg = Debug|x64
		{5FF478F3-7F73-4DB8-B2D4-9740C1B1572C}.Debug|x64.Build.0 = Debug|x64
		{5FF478F3-7F73-4DB8-B2D4-9740C1B1572C}.Debug|x86.ActiveCfg = Debug|Win32
		{5FF478F3-7F73-4DB8-B2D4-9740C1B1572C}.Debug|x86.Build.0 = Debug|Win32
		{5FF478F3-7F73-4DB8-B2D4-9740C1B1572C}.Release|x64.ActiveCfg = Release|x64
		{5FF478F3-7F73-4DB8-B2D4-9740C1B1572C}.Release|x64.Build.0 = Release|x64
		{5FF478F3-7F73-4DB8-B2D4-9740C1B1572C}.Release|x86.ActiveCfg = Release|Win32
		{5FF478F3-7F73-4DB8-B2D4-9740C1B1572C}.Release|x86.Build.0 = Release|Win32
		{C33C90D2-AD91-4A5A-BF36-1E913CAA0530}.Debug|x64.ActiveCfg = Debug|x64
		{C33C90D2-AD91-4A5A-BF36-1E913CAA0530}.Debug|x64.Build.0 = Debug|x64
		{C33C90D2-AD91-4A5A-BF36-1E913CAA0530}.Debug|x86.ActiveCfg = Debug|Win32
		{C33C90D2-AD91-4A5A-BF36-1E913CAA0530}.Debug|x86.Build.0 = Debug|Win32
		{C33C90D2-AD91-4A5A-BF36-1E913CAA0530}.Release|x64.ActiveCfg = Release|x64
		{C33C90D2-AD91-4A5A-BF36-1E913CAA0530}.Release|x64.Build.0 = Release|x64
		{C33C90D2-AD91-4A5A-BF36-1E913CAA0530}.Release|x86.ActiveCfg = Release|Win32
		{C33C90D2-AD91-4A5A-BF36-1E913CAA0530}.Release|x86.Build.0 = Release|Win32
		{DFD96B5F-F3A9-4397-9168-5C99DD064C25}.Debug|x64.ActiveCfg = Debug|x64
		{DFD96B5F-F3A9-4397-9168-5C99DD064C25}.Debug|x64.Build.0 = Debug|x64
		{DFD96B5F-F3A9-4397-9168-5C99DD064C25}.Debug|x86.ActiveCfg = Debug|Win32
		{DFD96B5F-F3A9-4397-9168-5C99DD064C25}.Debug|x86.Build.0 = Debug|Win32
		{DFD96B5F-F3A9-4397-9168-5C99DD064C25}.Release|x64.ActiveCfg = Release|x64
		{DFD96B5F-F3A9-4397-9168-5C99DD064C25}.Release|x64.Build.0 = Release|x64
		{DFD96B5F-F3A9-4397-9168-5C99DD064C25}.Release|x86.ActiveCfg = Release|Win32
		{DFD96B5F-F3A9-4397-9168-5C99DD064C25}.Release|x86.Build.0 = Release|Win32
		{1A59CB4A-4196-4A35-BC99-68D5B1D332D9}.Debug|x64.ActiveCfg = Debug|x64
		{1A59CB4A-4196-4A35-BC99-68D5B1D332D9}.Debug|x64.Build.0 = Debug|x64
		{1A59CB4A-4196-4A35-BC99-68D5B1D332D9}.Debug|x86.ActiveCfg = Debug|Win32
		{1A59CB4A-4196-4A35-BC99-68D5B1D332D9}.Debug|x86.Build.0 = Debug|Win32
		{1A59CB4A-4196-4A35-BC99-68D5B1D332D9}.Release|x64.ActiveCfg = Release|x64
		{1A59CB4A-4196-4A35-BC99-68D5B1D332D9}.Release|x64.Build.0 = Release|x64
		{1A59CB4A-4196-4A35-BC99-68D5B1D332D9}.Release|x86.ActiveCfg = Release|Win32
		{1A59CB4A-4196-4A35-BC99-68D5B1D332D9}.Release|x86.Build.0 = Release|Win32
		{3433D3E5-3761-49E1-B704-1428A1BD6C8B}.Debug|x64.ActiveCfg = Debug|x64
		{3433D3E5-3761-49E1-B704-1428A1BD6C8B}.Debug|x64.Build.0 = Debug|x64
		{3433D3E5-3761-49E1-B704-1428A1BD6C8B}.Debug|x86.ActiveCfg = Debug|Win32
		{3433D3E5-3761-49E1-B704-1428A1BD6C8B}.Debug|x86.Build.0 = Debug|Win32
		{3433D3E5-3761-49E1-B704-1428A1BD6C8B}.Release|x64.ActiveCfg = Release|x64
		{3433D3E5-3761-49E1-B704-1428A1BD6C8B}.Release|x64.Build.0 = Release|x64
		{3433D3E5-3761-49E1-B704-1428A1BD6C8B}.Release|x86.ActiveCfg = Release|Win32
		{3433D3E5-3761-49E1-B704-1428A1BD6C8B}.Release|x86.Build.0 = Release|Win32
		{7293ECFE-677F-4400-A87F-FED9857668BB}.Debug|x64.ActiveCfg = Debug|x64
		{7293ECFE-677F-4400-A87F-FED9857668BB}.Debug|x64.Build.0 = Debug|x64
		{7293ECFE-677F-4400-A87F-FED9857668BB}.Debug|x86.ActiveCfg = Debug|Win32
		{7293ECFE-677F-4400-A87F-FED9857668BB}.Debug|x86.Build.0 = Debug|Win32
		{7293ECFE-677F-4400-A87F-FED9857668BB}.Release|x64.ActiveCfg = Release|x64
		{7293ECFE-677F-4400-A87F-FED9857668BB}.Release|x64.Build.0 = Release|x64
		{7293ECFE-677F-4400-A87F-FED9857668BB}.Release|x86.ActiveCfg = Release|Win32
		{7293ECFE-677F-4400-A87F-FED9857668BB}.Release|x86.Build.0 = Release|Win32
		{44E781F9-E314-46F5-9499-A5CDAFD5CF97}.Debug|x64.ActiveCfg = Debug|x64
		{44E781F9-E314-46F5-9499-A5CDAFD5CF97}.Debug|x64.Build.0 = Debug|x64
		{44E781F9-E314-46F5-9499-A5CDAFD5CF97}.Debug|x86.ActiveCfg = Debug|Win32
		{44E781F9-E314-46F5-9499-A5CDAFD5CF97}.Debug|x86.Build.0 = Debug|Win32
		{44E781F9-E314-46F5-9499-A5CDAFD5CF97}.Release|x64.ActiveCfg = Release|x64
		{44E781F9-E314-46F5-9499-A5CDAFD5CF97}.Release|x64.Build.0 = Release|x64
		{44E781F9-E314-46F5-9499-A5CDAFD5CF97}.Release|x86.ActiveCfg = Release|Win32
		{44E781F9-E314-46F5-9499-A5CDAFD5CF97}.Release|x86.Build.0 = Release|Win32
		{BFC3B0CE-8DF0-46FA-82D5-55B70E24DF43}.Debug|x64.ActiveCfg = Debug|x64
		{BFC3B0CE-8DF0-46FA-82D5-55B70E24DF43}.Debug|x64.Build.0 = Debug|x64
		{BFC3B0CE-8DF0-46FA-82D5-55B70E24DF43}.Debug|x86.ActiveCfg = Debug|Win32
		{BFC3B0CE-8DF0-46FA-82D5-55B70E24DF43}.Debug|x86.Build.0 = Debug|Win32
		{BFC3B0CE-8DF0-46FA-82D5-55B70E24DF43}.Release|x64.ActiveCfg = Release|x64
		{BFC3B0CE-8DF0-46FA-82D5-55B70E24DF43}.Release|x64.Build.0 = Release|x64
		{BFC3B0CE-8DF0-46FA-82D5-55B70E24DF43}.Release|x86.ActiveCfg = Release|Win32
		{BFC3B0CE-8DF0-46FA-82D5-55B70E24DF43}.Release|x86.Build.0 = Release|Win32
		{62C0BAC8-64C4-4A8D-BACC-9BEBCFC21EA7}.Debug|x64.ActiveCfg = Debug|x64
		{62C0BAC8-64C4-4A8D-BACC-9BEBCFC21EA7}.Debug|x64.Build.0 = Debug|x64
		{62C0BAC8-64C4-4A8D-BACC-9BEBCFC21EA7}.Debug|x86.ActiveCfg = Debug|Win32
		{62C0BAC8-64C4-4A8D-BACC-9BEBCFC21EA7}.Debug|x86.Build.0 = Debug|Win32
		{62C0BAC8-64C4-4A8D-BACC-9BEBCFC21EA7}.Release|x64.ActiveCfg = Release|x64
		{62C0BAC8-64C4-4A8D-BACC-9BEBCFC21EA7}.Release|x64.Build.0 = Release|x64
		{62C0BAC8-64C4-4A8D-BACC-9BEBCFC21EA7}.Release|x86.ActiveCfg = Release|Win32
		{62C0BAC8-64C4-4A8D-BACC-9BEBCFC21EA7}.Release|x86.Build.0 = Release|Win32
		{44C7F9BE-7FDC-446A-93B9-902A45845E50}.Debug|x64.ActiveCfg = Debug|x64
		{44C7F9BE-7FDC-446A-93B9-902A45845E50}.Debug|x64.Build.0 = Debug|x64
		{44C7F9BE-7FDC-446A-93B9-902A45845E50}.Debug|x86.ActiveCfg = Debug|Win32
		{44C7F9BE-7FDC-446A-93B9-902A45845E50}.Debug|x86.Build.0 = Debug|Win32
		{44C7F9BE-7FDC-446A-93B9-902A45845E50}.Release|x64.ActiveCfg = Release|x64
		{44C7F9BE-7FDC-446A-93B9-902A45845E50}.Release|x64.Build.0 = Release|x64
		{44C7F9BE-7FDC-446A-93B9-902A45845E50}.Release|x86.ActiveCfg = Release|Win32
		{44C7F9BE-7FDC-446A-93B9-902A45845E50}.Release|x86.Build.0 = Release|Win32
		{4707CBE6-CDAA-4B4E-9026-44F30A96F6AE}.Debug|x64.ActiveCfg = Debug|x64
		{4707CBE6-CDAA-4B4E-9026-44F30A96F6AE}.Debug|x64.Build.0 = Debug|x64
		{4707CBE6-CDAA-4B4E-9026-44F30A96F6AE}.Debug|x86.ActiveCfg = Debug|Win32
		{4707CBE6-CDAA-4B4E-9026-44F30A96F6AE}.Debug|x86.Build.0 = Debug|Win32
		{4707CBE6-CDAA-4B4E-9026-44F30A96F6AE}.Release|x64.ActiveCfg = Release|x64
		{4707CBE6-CDAA-4B4E-9026-44F30A96F6AE}.Release|x64.Build.0 = Release|x64
		{4707CBE6-CDAA-4B4E-9026-44F30A96F6AE}.Release|x86.ActiveCfg = Release|Win32
		{4707CBE6-CDAA-4B4E-9026-44F30A96F6AE}.Release|x86.Build.0 = Release|Win32
		{5334645E-94D6-4824-8611-C45B4976FDA8}.Debug|x64.ActiveCfg = Debug|x64
		{5334645E-94D6-4824-8611-C45B4976FDA8}.Debug|x64.Build.0 = Debug|x64
		{5334645E-94D6-4824-8611-C45B4976FDA8}.Debug|x86.ActiveCfg = Debug|Win32
		{5334645E-94D6-4824-8611-C45B4976FDA8}.Debug|x86.Build.0 = Debug|Win32
		{5334645E-94D6-4824-8611-C45B4976FDA8}.Release|x64.ActiveCfg = Release|x64
		{5334645E-94D6-4824-8611-C45B4976FDA8}.Release|x64.Build.0 = Release|x64
		{5334645E-94D6-4824-8611-C45B4976FDA8}.Release|x86.ActiveCfg = Release|Win32
		{5334645E-94D6-4824-8611-C45B4976FDA8}.Release|x86.Build.0 = Release|Win32
		{1058B59F-ADA2-4940-ADF0-B8375E76CE28}.Debug|x64.ActiveCfg = Debug|x64
		{1058B59F-ADA2-4940-ADF0-B8375E76CE28}.Debug|x64.Build.0 = Debug|x64
		{1058B59F-ADA2-4940-ADF0-B8375E76CE28}.Debug|x86.ActiveCfg = Debug|Win32
		{1058B59F-ADA2-4940-ADF0-B8375E76CE28}.Debug|x86.Build.0 = Debug|Win32
		{1058B59F-ADA2-4940-ADF0-B8375E76CE28}.Release|x64.ActiveCfg = Release|x64
		{1058B59F-ADA2-4940-ADF0-B8375E76CE28}.Release|x64.Build.0 = Release|x64
		{1058B59F-ADA2-4940-ADF0-B8375E76CE28}.Release|x86.ActiveCfg = Release|Win32
		{1058B59F-ADA2-4940-ADF0-B8375E76CE28}.Release|x86.Build.0 = Release|Win32
		{1B65D813-3CD9-47AE-AE6D-EF871A19A928}.Debug|x64.ActiveCfg = Debug|x64
		{1B65D813-3CD9-47AE-AE6D-EF871A19A928}.Debug|x64.Build.0 = Debug|x64
		{1B65D813-3CD9-47AE-AE6D-EF871A19A928}.Debug|x86.ActiveCfg = Debug|Win32
		{1B65D813-3CD9-47AE-AE6D-EF871A19A928}.Debug|x86.Build.0 = Debug|Win32
		{1B65D813-3CD9-47AE-AE6D-EF871A19A928}.Release|x64.ActiveCfg = Release|x64
		{1B65D813-3CD9-47AE-AE6D-EF871A19A928}.Release|x64.Build.0 = Release|x64
		{1B65D813-3CD9-47AE-AE6D-EF871A19A928}.Release|x86.ActiveCfg = Release|Win32
		{1B65D813-3CD9-47AE-AE6D-EF871A19A928}.Release|x86.Build.0 = Release|Win32
		{A477D90D-AD45-4491-BAEF-5FD9446909D0}.Debug|x64.ActiveCfg = Debug|x64
		{A477D90D-AD45-4491-BAEF-5FD9446909D0}.Debug|x64.Build.0 = Debug|x64
		{A477D90D-AD45-4491-BAEF-5FD9446909D0}.Debug|x86.ActiveCfg = Debug|Win32
		{A477D90D-AD45-4491-BAEF-5FD9446909D0}.Debug|x86.Build.0 = Debug|Win32
		{A477D90D-AD45-4491-BAEF-5FD9446909D0}.Release|x64.ActiveCfg = Release|x64
		{A477D90D-AD45-4491-BAEF-5FD9446909D0}.Release|x64.Build.0 = Release|x64
		{A477D90D-AD45-4491-BAEF-5FD9446909D0}.Release|x86.ActiveCfg = Release|Win32
		{A477D90D-AD45-4491-BAEF-5FD9446909D0}.Release|x86.Build.0 = Release|Win32
		{EC76E4A8-6245-4B9B-97D5-A67C9A90CA83}.Debug|x64.ActiveCfg = Debug|x64
		{EC76E4A8-6245-4B9B-97D5-A67C9A90CA83}.Debug|x64.Build.0 = Debug|x64
		{EC76E4A8-6245-4B9B-97D5-A67C9A90CA83}.Debug|x86.ActiveCfg = Debug|Win32
		{EC76E4A8-6245-4B9B-97D5-A67C9A90CA83}.Debug|x86.Build.0 = Debug|Win32
		{EC76E4A8-6245-4B9B-97D5-A67C9A90CA83}.Release|x64.ActiveCfg = Release|x64
		{EC76E4A8-6245-4B9B-97D5-A67C9A90CA83}.Release|x64.Build.0 = Release|x64
		{EC76E4A8-6245-4B9B-97D5-A67C9A90CA83}.Release|x86.ActiveCfg = Release|Win32
		{EC76E4A8-6245-4B9B-97D5-A67C9A90CA83}.Release|x86.Build.0 = Release|Win32
		{174A2771-C5D7-4B0A-8381-E012F84BB575}.Debug|x64.ActiveCfg = Debug|x64
		{174A2771-C5D7-4B0A-8381-E012F84BB575}.Debug|x64.Build.0 = Debug|x64
		{174A2771-C5D7-4B0A-8381-E012F84BB575}.Debug|x86.ActiveCfg = Debug|Win32
		{174A2771-C5D7-4B0A-8381-E012F84BB575}.Debug|x86.Build.0 = Debug|Win32
		{174A2771-C5D7-4B0A-8381-E012F84BB575}.Release|x64.ActiveCfg = Release|x64
		{174A2771-C5D7-4B0A-8381-E012F84BB575}.Release|x64.Build.0 = Release|x64
		{174A2771-C5D7-4B0A-8381-E012F84BB575}.Release|x86.ActiveCfg = Release|Win32
		{174A2771-C5D7-4B0A-8381-E012F84BB575}.Release|x86.Build.0 = Release|Win32
		{6CCF9A4D-3019-49F7-A985-8BF4D5D587DB}.Debug|x64.ActiveCfg = Debug|x64
		{6CCF9A4D-3019-49F7-A985-8BF4D5D587DB}.Debug|x64.Build.0 = Debug|x64
		{6CCF9A4D-3019-49F7-A985-8BF4D5D587DB}.Debug|x86.ActiveCfg = Debug|Win32
		{6CCF9A4D-3019-49F7-A985-8BF4D5D587DB}.Debug|x86.Build.0 = Debug|Win32
		{6CCF9A4D-3019-49F7-A985-8BF4D5D587DB}.Release|x64.ActiveCfg = Release|x64
		{6CCF9A4D-3019-49F7-A985-8BF4D5D587DB}.Release|x64.Build.0 = Release|x64
		{6CCF9A4D-3019-49F7-A985-8BF4D5D587DB}.Release|x86.ActiveCfg = Release|Win32
		{6CCF9A4D-3019-49F7-A985-8BF4D5D587DB}.Release|x86.Build.0 = Release|Win32
		{D4EA57A3-C6DD-4B1A-B2AE-937C0A97C5B9}.Debug|x64.ActiveCfg = Debug|x64
		{D4EA57A3-C6DD-4B1A-B2AE-937C0A97C5B9}.Debug|x64.Build.0 = Debug|x64
		{D4EA57A3-C6DD-4B1A-B2AE-937C0A97C5B9}.Debug|x86.ActiveCfg = Debug|Win32
		{D4EA57A3-C6DD-4B1A-B2AE-937C0A97C5B9}.Debug|x86.Build.0 = Debug|Win32
		{D4EA57A3-C6DD-4B1A-B2AE-937C0A97C5B9}.Release|x64.ActiveCfg = Release|x64
		{D4EA57A3-C6DD-4B1A-B2AE-937C0A97C5B9}.Release|x64.Build.0 = Release|x64
		{D4EA57A3-C6DD-4B1A-B2AE-937C0A97C5B9}.Release|x86.ActiveCfg = Release|Win32
		{D4EA57A3-C6DD-4B1A-B2AE-937C0A97C5B9}.Release|x86.Build.0 = Release|Win32
		{69BF0811-A383-43D0-9B18-C843D12B910B}.Debug|x64.ActiveCfg = Debug|x64
		{69BF0811-A383-43D0-9B18-C843D12B910B}.Debug|x64.Build.0 = Debug|x64
		{69BF0811-A383-43D0-9B18-C843D12B910B}.Debug|x86.ActiveCfg = Debug|Win32
		{69BF0811-A383-43D0-9B18-C843D12B910B}.Debug|x86.Build.0 = Debug|Win32
		{69BF0811-A383-43D0-9B18-C843D12B910B}.Release|x64.ActiveCfg = Release|x64
		{69BF0811-A383-43D0-9B18-C843D12B910B}.Release|x64.Build.0 = Release|x64
		{69BF0811-A383-43D0-9B18-C843D12B910B}.Release|x86.ActiveCfg = Release|Win32
		{69BF0811-A383-43D0-9B18-C843D12B910B}.Release|x86.Build.0 = Release|Win32
		{C01A3485-783F-4A5D-8EE3-3FE3212F3194}.Debug|x64.ActiveCfg = Debug|x64
		{C01A3485-783F-4A5D-8EE3-3FE3212F3194}.Debug|x64.Build.0 = Debug|x64
		{C01A3485-783F-4A5D-8EE3-3FE3212F3194}.Debug|x86.ActiveCfg = Debug|Win32
		{C01A3485-783F-4A5D-8EE3-3FE3212F3194}.Debug|x86.Build.0 = Debug|Win32
		{C01A3485-783F-4A5D-8EE3-3FE3212F3194}.Release|x64.ActiveCfg = Release|x64
		{C01A3485-783F-4A5D-8EE3-3FE3212F3194}.Release|x64.Build.0 = Release|x64
		{C01A3485-783F-4A5D-8EE3-3FE3212F3194}.Release|x86.ActiveCfg = Release|Win32
		{C01A3485-783F-4A5D-8EE3-3FE3212F3194}.Release|x86.Build.0 = Release|Win32
		{D8735032-7934-4260-86D7-096EB40E1653}.Debug|x64.ActiveCfg = Debug|x64
		{D8735032-7934-4260-86D7-096EB40E1653}.Debug|x64.Build.0 = Debug|x64
		{D8735032-7934-4260-86D7-096EB40E1653}.Debug|x86.ActiveCfg = Debug|Win32
		{D8735032-7934-4260-86D7-096EB40E1653}.Debug|x86.Build.0 = Debug|Win32
		{D8735032-7934-4260-86D7-096EB40E1653}.Release|x64.ActiveCfg = Release|x64
		{D8735032-7934-4260-86D7-096EB40E1653}.Release|x64.Build.0 = Release|x64
		{D8735032-7934-4260-86D7-096EB40E1653}.Release|x86.ActiveCfg = Release|Win32
		{D8735032-7934-4260-86D7-096EB40E1653}.Release|x86.Build.0 = Release|Win32
		{81C74828-D0AF-42FE-B18E-4A16D1B72075}.Debug|x64.ActiveCfg = Debug|x64
		{81C74828-D0AF-42FE-B18E-4A16D1B72075}.Debug|x64.Build.0 = Debug|x64
		{81C74828-D0AF-42FE-B18E-4A16D1B72075}.Debug|x86.ActiveCfg = Debug|Win32
		{81C74828-D0AF-42FE-B18E-4A16D1B72075}.Debug|x86.Build.0 = Debug|Win32
		{81C74828-D0AF-42FE-B18E-4A16D1B72075}.Release|x64.ActiveCfg = Release|x64
		{81C74828-D0AF-42FE-B18E-4A16D1B72075}.Release|x64.Build.0 = Release|x64
		{81C74828-D0AF-42FE-B18E-4A16D1B72075}.Release|x86.ActiveCfg = Release|Win32
		{81C74828-D0AF-42FE-B18E-4A16D1B72075}.Release|x86.Build.0 = Release|Win32
		{C9E1CCA2-4034-414E-A2B2-7CE5D9AFF0A3}.Debug|x64.ActiveCfg = Debug|x64
		{C9E1CCA2-4034-414E-A2B2-7CE5D9AFF0A3}.Debug|x64.Build.0 = Debug|x64
		{C9E1CCA2-4034-414E-A2B2-7CE5D9AFF0A3}.Debug|x86.ActiveCfg = Debug|Win32
		{C9E1CCA2-4034-414E-A2B2-7CE5D9AFF0A3}.Debug|x86.Build.0 = Debug|Win32
		{C9E1CCA2-4034-414E-A2B2-7CE5D9AFF0A3}.Release|x64.ActiveCfg = Release|x64
		{C9E1CCA2-4034-414E-A2B2-7CE5D9AFF0A3}.Release|x64.Build.0 = Release|x64
		{C9E1CCA2-4034-414E-A2B2-7CE5D9AFF0A3}.Release|x86.ActiveCfg = Release|Win32
		{C9E1CCA2-4034-414E-A2B2-7CE5D9AFF0A3}.Release|x86.Build.0 = Release|Win32
		{DB0BCE9A-EE01-44C9-B6A2-D5CB1D2004DD}.Debug|x64.ActiveCfg = Debug|x64
		{DB0BCE9A-EE01-44C9-B6A2-D5CB1D2004DD}.Debug|x64.Build.0 = Debug|x64
		{DB0BCE9A-EE01-44C9-B6A2-D5CB1D2004DD}.Debug|x86.ActiveCfg = Debug|Win32
		{DB0BCE9A-EE01-44C9-B6A2-D5CB1D2004DD}.Debug|x86.Build.0 = Debug|Win32
		{DB0BCE9A-EE01-44C9-B6A2-D5CB1D2004DD}.Release|x64.ActiveCfg = Release|x64
		{DB0BCE9A-EE01-44C9-B6A2-D5CB1D2004DD}.Release|x64.Build.0 = Release|x64
		{DB0BCE9A-EE01-44C9-B6A2-D5CB1D2004DD}.Release|x86.ActiveCfg = Release|Win32
		{DB0BCE9A-EE01-44C9-B6A2-D5CB1D2004DD}.Release|x86.Build.0 = Release|Win32
		{6AF7EEC0-6FC7-4149-82B4-40E2D5DF9604}.Debug|x64.ActiveCfg = Debug|x64
		{6AF7EEC0-6FC7-4149-82B4-40E2D5DF9604}.Debug|x64.Build.0 = Debug|x64
		{6AF7EEC0-6FC7-4149-82B4-40E2D5DF9604}.Debug|x86.ActiveCfg = Debug|Win32
		{6AF7EEC0-6FC7-4149-82B4-40E2D5DF9604}.Debug|x86.Build.0 = Debug|Win32
		{6AF7EEC0-6FC7-4149-82B4-40E2D5DF9604}.Release|x64.ActiveCfg = Release|x64
		{6AF7EEC0-6FC7-4149-82B4-40E2D5DF9604}.Release|x64.Build.0 = Release|x64
		{6AF7EEC0-6FC7-4149-82B4-40E2D5DF9604}.Release|x86.ActiveCfg = Release|Win32
		{6AF7EEC0-6FC7-4149-82B4-40E2D5DF9604}.Release|x86.Build.0 = Release|Win32
		{BDEE7A9E-A167-4DD9-82DC-2F8ED642AD75}.Debug|x64.ActiveCfg = Debug|x64
		{BDEE7A9E-A167-4DD9-82DC-2F8ED642AD75}.Debug|x64.Build.0 = Debug|x64
		{BDEE7A9E-A167-4DD9-82DC-2F8ED642AD75}.Debug|x86.ActiveCfg = Debug|Win32
		{BDEE7A9E-A167-4DD9-82DC-2F8ED642AD75}.Debug|x86.Build.0 = Debug|Win32
		{BDEE7A9E-A167-4DD9-82DC-2F8ED642AD75}.Release|x64.ActiveCfg = Release|x64
		{BDEE7A9E-A167-4DD9-82DC-2F8ED642AD75}.Release|x64.Build.0 = Release|x64
		{BDEE7A9E-A167-4DD9-82DC-2F8ED642AD75}.Release|x86.ActiveCfg = Release|Win32
		{BDEE7A9E-A167-4DD9-82DC-2F8ED642AD75}.Release|x86.Build.0 = Release|Win32
		{F9AC9E01-F09C-4A06-A698-52A132AC33AB}.Debug|x64.ActiveCfg = Debug|x64
		{F9AC9E01-F09C-4A06-A698-52A132AC33AB}.Debug|x64.Build.0 = Debug|x64
		{F9AC9E01-F09C-4A06-A698-52A132AC33AB}.Debug|x86.ActiveCfg = Debug|Win32
		{F9AC9E01-F09C-4A06-A698-52A132AC33AB}.Debug|x86.Build.0 = Debug|Win32
		{F9AC9E01-F09C-4A06-A698-52A132AC33AB}.Release|x64.ActiveCfg = Release|x64
		{F9AC9E01-F09C-4A06-A698-52A132AC33AB}.Release|x64.Build.0 = Release|x64
		{F9AC9E01-F09C-4A06-A698-52A132AC33AB}.Release|x86.ActiveCfg = Release|Win32
		{F9AC9E01-F09C-4A06-A698-52A132AC33AB}.Release|x86.Build.0 = Release|Win32
		{0B886B2D-B54E-42C2-A939-55C66E377AD9}.Debug|x64.ActiveCfg = Debug|x64
		{0B886B2D-B54E-42C2-A939-55C66E377AD9}.Debug|x64.Build.0 = Debug|x64
		{0B886B2D-B54E-42C2-A939-55C66E377AD9}.Debug|x86.ActiveCfg = Debug|Win32
		{0B886B2D-B54E-42C2-A939-55C66E377AD9}.Debug|x86.Build.0 = Debug|Win32
		{0B886B2D-B54E-42C2-A939-55C66E377AD9}.Release|x64.ActiveCfg = Release|x64
		{0B886B2D-B54E-42C2-A939-55C66E377AD9}.Release|x64.Build.0 = Release|x64
		{0B886B2D-B54E-42C2-A939-55C66E377AD9}.Release|x86.ActiveCfg = Release|Win32
		{0B886B2D-B54E-42C2-A939-55C66E377AD9}.Release|x86.Build.0 = Release|Win32
		{5B64302E-6543-46B6-B837-0BFECB2A25DB}.Debug|x64.ActiveCfg = Debug|x64
		{5B64302E-6543-46B6-B837-0BFECB2A25DB}.Debug|x64.Build.0 = Debug|x64
		{5B64302E-6543-46B6-B837-0BFECB2A25DB}.Debug|x86.ActiveCfg = Debug|Win32
		{5B64302E-6543-46B6-B837-0BFECB2A25DB}.Debug|x86.Build.0 = Debug|Win32
		{5B64302E-6543-46B6-B837-0BFECB2A25DB}.Release|x64.ActiveCfg = Release|x64
		{5B64302E-6543-46B6-B837-0BFECB2A25DB}.Release|x64.Build.0 = Release|x64
		{5B64302E-6543-46B6-B837-0BFECB2A25DB}.Release|x86.ActiveCfg = Release|Win32
		{5B64302E-6543-46B6-B837-0BFECB2A25DB}.Release|x86.Build.0 = Release|Win32
		{B652EE33-0C05-4A0E-9ED0-EA5360B976C5}.Debug|x64.ActiveCfg = Debug|x64
		{B652EE33-0C05-4A0E-9ED0-EA5360B976C5}.Debug|x64.Build.0 = Debug|x64
		{B652EE33-0C05-4A0E-9ED0-EA5360B976C5}.Debug|x86.ActiveCfg = Debug|Win32
		{B652EE33-0C05-4A0E-9ED0-EA5360B976C5}.Debug|x86.Build.0 = Debug|Win32
		{B652EE33-0C05-4A0E-9ED0-EA5360B976C5}.Release|x64.ActiveCfg = Release|x64
		{B652EE33-0C05-4A0E-9ED0-EA5360B976C5}.Release|x64.Build.0 = Release|x64
		{B652EE33-0C05-4A0E-9ED0-EA5360B976C5}.Release|x86.ActiveCfg = Release|Win32
		{B652EE33-0C05-4A0E-9ED0-EA5360B976C5}.Release|x86.Build.0 = Release|Win32
		{5FD080EC-C5D6-4F46-BED7-04B2C176FC28}.Debug|x64.ActiveCfg = Debug|x64
		{5FD080EC-C5D6-4F46-BED7-04B2C176FC28}.Debug|x64.Build.0 = Debug|x64
		{5FD080EC-C5D6-4F46-BED7-04B2C176FC28}.Debug|x86.ActiveCfg = Debug|Win32
		{5FD080EC-C5D6-4F46-BED7-04B2C176FC28}.Debug|x86.Build.0 = Debug|Win32
		{5FD080EC-C5D6-4F46-BED7-04B2C176FC28}.Release|x64.ActiveCfg = Release|x64
		{5FD080EC-C5D6-4F46-BED7-04B2C176FC28}.Release|x64.Build.0 = Release|x64
		{5FD080EC-C5D6-4F46-BED7-04B2C176FC28}.Release|x86.ActiveCfg = Release|Win32
		{5FD080EC-C5D6-4F46-BED7-04B2C176FC28}.Release|x86.Build.0 = Release|Win32
		{481FEE68-E62D-4EEE-9903-CC5BB0BD2A90}.Debug|x64.ActiveCfg = Debug|x64
		{481FEE68-E62D-4EEE-9903-CC5BB0BD2A90}.Debug|x64.Build.0 = Debug|x64
		{481FEE68-E62D-4EEE-9903-CC5BB0BD2A90}.Debug|x86.ActiveCfg = Debug|Win32
		{481FEE68-E62D-4EEE-9903-CC5BB0BD2A90}.Debug|x86.Build.0 = Debug|Win32
		{481FEE68-E62D-4EEE-9903-CC5BB0BD2A90}.Release|x64.ActiveCfg = Release|x64
		{481FEE68-E62D-4EEE-9903-CC5BB0BD2A90}.Release|x64.Build.0 = Release|x64
		{481FEE68-E62D-4EEE-9903-CC5BB0BD2A90}.Release|x86.ActiveCfg = Release|Win32
		{481FEE68-E62D-4EEE-9903-CC5BB0BD2A90}.Release|x86.Build.0 = Release|Win32
		{83219DA9-1A79-48A6-A831-FF3F6FF87480}.Debug|x64.ActiveCfg = Debug|x64
		{83219DA9-1A79-48A6-A831-FF3F6FF87480}.Debug|x64.Build.0 = Debug|x64
		{83219DA9-1A79-48A6-A831-FF3F6FF87480}.Debug|x86.ActiveCfg = Debug|Win32
		{83219DA9-1A79-48A6-A831-FF3F6FF87480}.Debug|x86.Build.0 = Debug|Win32
		{83219DA9-1A79-48A6-A831-FF3F6FF87480}.Release|x64.ActiveCfg = Release|x64
		{83219DA9-1A79-48A6-A831-FF3F6FF87480}.Release|x64.Build.0 = Release|x64
		{83219DA9-1A79-48A6-A831-FF3F6FF87480}.Release|x86.ActiveCfg = Release|Win32
		{83219DA9-1A79-48A6-A831-FF3F6FF87480}.Release|x86.Build.0 = Release|Win32
		{2CF67457-5B88-4777-82EF-5B680A1A5483}.Debug|x64.ActiveCfg = Debug|x64
		{2CF67457-5B88-4777-82EF-5B680A1A5483}.Debug|x64.Build.0 = Debug|x64
		{2CF67457-5B88-4777-82EF-5B680A1A5483}.Debug|x86.ActiveCfg = Debug|Win32
		{2CF67457-5B88-4777-82EF-5B680A1A5483}.Debug|x86.Build.0 = Debug|Win32
		{2CF67457-5B88-4777-82EF-5B680A1A5483}.Release|x64.ActiveCfg = Release|x64
		{2CF67457-5B88-4777-82EF-5B680A1A5483}.Release|x64.Build.0 = Release|x64
		{2CF67457-5B88-4777-82EF-5B680A1A5483}.Release|x86.ActiveCfg = Release|Win32
		{2CF67457-5B88-4777-82EF-5B680A1A5483}.Release|x86.Build.0 = Release|Win32
		{290C5EF0-C567-47E2-B5A4-3A44B74991E0}.Debug|x64.ActiveCfg = Debug|x64
		{290C5EF0-C567-47E2-B5A4-3A44B74991E0}.Debug|x64.Build.0 = Debug|x64
		{290C5EF0-C567-47E2-B5A4-3A44B74991E0}.Debug|x86.ActiveCfg = Debug|Win32
		{290C5EF0-C567-47E2-B5A4-3A44B74991E0}.Debug|x86.Build.0 = Debug|Win32
		{290C5EF0-C567-47E2-B5A4-3A44B74991E0}.Release|x64.ActiveCfg = Release|x64
		{290C5EF0-C567-47E2-B5A4-3A44B74991E0}.Release|x64.Build.0 = Release|x64
		{290C5EF0-C567-47E2-B5A4-3A44B74991E0}.Release|x86.ActiveCfg = Release|Win32
		{290C5EF0-C567-47E2-B5A4-3A44B74991E0}.Release|x86.Build.0 = Release|Win32
		{3054AACF-DFDF-478E-8A6E-562B668C3BCA}.Debug|x64.ActiveCfg = Debug|x64
		{3054AACF-DFDF-478E-8A6E-562B668C3BCA}.Debug|x64.Build.0 = Debug|x64
		{3054AACF-DFDF-478E-8A6E-562B668C3BCA}.Debug|x86.ActiveCfg = Debug|Win32
		{3054AACF-DFDF-478E-8A6E-562B668C3BCA}.Debug|x86.Build.0 = Debug|Win32
		{3054AACF-DFDF-478E-8A6E-562B668C3BCA}.Release|x64.ActiveCfg = Release|x64
		{3054AACF-DFDF-478E-8A6E-562B668C3BCA}.Release|x64.Build.0 = Release|x64
		{3054AACF-DFDF-478E-8A6E-562B668C3BCA}.Release|x86.ActiveCfg = Release|Win32
		{3054AACF-DFDF-478E-8A6E-562B668C3BCA}.Release|x86.Build.0 = Release|Win32
		{9A3A3260-5841-41CF-A898-E0A3920098A8}.Debug|x64.ActiveCfg = Debug|x64
		{9A3A3260-5841-41CF-A898-E0A3920098A8}.Debug|x64.Build.0 = Debug|x64
		{9A3A3260-5841-41CF-A898-E0A3920098A8}.Debug|x86.ActiveCfg = Debug|Win32
		{9A3A3260-5841-41CF-A898-E0A3920098A8}.Debug|x86.Build.0 = Debug|Win32
		{9A3A3260-5841-41CF-A898-E0A3920098A8}.Release|x64.ActiveCfg = Release|x64
		{9A3A3260-5841-41CF-A898-E0A3920098A8}.Release|x64.Build.0 = Release|x64
		{9A3A3260-5841-41CF-A898-E0A3920098A8}.Release|x86.ActiveCfg = Release|Win32
		{9A3A3260-5841-41CF-A898-E0A3920098A8}.Release|x86.Build.0 = Release|Win32
		{4E645D6A-1117-4924-9233-305D827D4320}.Debug|x64.ActiveCfg = Debug|x64
		{4E645D6A-1117-4924-9233-305D827D4320}.Debug|x64.Build.0 = Debug|x64
		{4E645D6A-1117-4924-9233-305D827D4320}.Debug|x86.ActiveCfg = Debug|Win32
		{4E645D6A-1117-4924-9233-305D827D4320}.Debug|x86.Build.0 = Debug|Win32
		{4E645D6A-1117-4924-9233-305D827D4320}.Release|x64.ActiveCfg = Release|x64
		{4E645D6A-1117-4924-9233-305D827D4320}.Release|x64.Build.0 = Release|x64
		{4E645D6A-1117-4924-9233-305D827D4320}.Release|x86.ActiveCfg = Release|Win32
		{4E645D6A-1117-4924-9233-305D827D4320}.Release|x86.Build.0 = Release|Win32
		{D2C0E1FF-750E-49E6-80AA-5890C7C9804B}.Debug|x64.ActiveCfg = Debug|x64
		{D2C0E1FF-750E-49E6-80AA-5890C7C9804B}.Debug|x64.Build.0 = Debug|x64
		{D2C0E1FF-750E-49E6-80AA-5890C7C9804B}.Debug|x86.ActiveCfg = Debug|Win32
		{D2C0E1FF-750E-49E6-80AA-5890C7C9804B}.Debug|x86.Build.0 = Debug|Win32
		{D2C0E1FF-750E-49E6-80AA-5890C7C9804B}.Release|x64.ActiveCfg = Release|x64
		{D2C0E1FF-750E-49E6-80AA-5890C7C9804B}.Release|x64.Build.0 = Release|x64
		{D2C0E1FF-750E-49E6-80AA-5890C7C9804B}.Release|x86.ActiveCfg = Release|Win32
		{D2C0E1FF-750E-49E6-80AA-5890C7C9804B}.Release|x86.Build.0 = Release|Win32
		{BFCB49BB-A7BE-41FA-9942-7A1F495D49D5}.Debug|x64.ActiveCfg = Debug|x64
		{BFCB49BB-A7BE-41FA-9942-7A1F495D49D5}.Debug|x64.Build.0 = Debug|x64
		{BFCB49BB-A7BE-41FA-9942-7A1F495D49D5}.Debug|x86.ActiveCfg = Debug|Win32
		{BFCB49BB-A7BE-41FA-9942-7A1F495D49D5}.Debug|x86.Build.0 = Debug|Win32
		{BFCB49BB-A7BE-41FA-9942-7A1F495D49D5}.Release|x64.ActiveCfg = Release|x64
		{BFCB49BB-A7BE-41FA-9942-7A1F495D49D5}.Release|x64.Build.0 = Release|x64
		{BFCB49BB-A7BE-41FA-9942-7A1F495D49D5}.Release|x86.ActiveCfg = Release|Win32
		{BFCB49BB-A7BE-41FA-9942-7A1F495D49D5}.Release|x86.Build.0 = Release|Win32
		{1CC5844F-09AE-4688-8D86-046139C67846}.Debug|x64.ActiveCfg = Debug|x64
		{1CC5844F-09AE-4688-8D86-046139C67846}.Debug|x64.Build.0 = Debug|x64
		{1CC5844F-09AE-4688-8D86-046139C67846}.Debug|x86.ActiveCfg = Debug|Win32
		{1CC5844F-09AE-4688-8D86-046139C67846}.Debug|x86.Build.0 = Debug|Win32
		{1CC5844F-09AE-4688-8D86-046139C67846}.Release|x64.ActiveCfg = Release|x64
		{1CC5844F-09AE-4688-8D86-046139C67846}.Release|x64.Build.0 = Release|x64
		{1CC5844F-09AE-4688-8D86-046139C67846}.Release|x86.ActiveCfg = Release|Win32
		{1CC5844F-09AE-4688-8D86-046139C67846}.Release|x86.Build.0 = Release|Win32
		{F8AA9219-D0C8-483C-B8E7-BB6F04C0CCEA}.Debug|x64.ActiveCfg = Debug|x64
		{F8AA9219-D0C8-483C-B8E7-BB6F04C0CCEA}.Debug|x64.Build.0 = Debug|x64
		{F8AA9219-D0C8-483C-B8E7-BB6F04C0CCEA}.Debug|x86.ActiveCfg = Debug|Win32
		{F8AA9219-D0C8-483C-B8E7-BB6F04C0CCEA}.Debug|x86.Build.0 = Debug|Win32
		{F8AA9219-D0C8-483C-B8E7-BB6F04C0CCEA}.Release|x64.ActiveCfg = Release|x64
		{F8AA9219-D0C8-483C-B8E7-BB6F04C0CCEA}.Release|x64.Build.0 = Release|x64
		{F8AA9219-D0C8-483C-B8E7-BB6F04C0CCEA}.Release|x86.ActiveCfg = Release|Win32
		{F8AA9219-D0C8-483C-B8E7-BB6F04C0CCEA}.Release|x86.Build.0 = Release|Win32
		{385A311F-1738-4FCC-8FE9-CFCC393A0D5E}.Debug|x64.ActiveCfg = Debug|x64
		{385A311F-1738-4FCC-8FE9-CFCC393A0D5E}.Debug|x64.Build.0 = Debug|x64
		{385A311F-1738-4FCC-8FE9-CFCC393A0D5E}.Debug|x86.ActiveCfg = Debug|Win32
		{385A311F-1738-4FCC-8FE9-CFCC393A0D5E}.Debug|x86.Build.0 = Debug|Win32
		{385A311F-1738-4FCC-8FE9-CFCC393A0D5E}.Release|x64.ActiveCfg = Release|x64
		{385A311F-1738-4FCC-8FE9-CFCC393A0D5E}.Release|x64.Build.0 = Release|x64
		{385A311F-1738-4FCC-8FE9-CFCC393A0D5E}.Release|x86.ActiveCfg = Release|Win32
		{385A311F-1738-4FCC-8FE9-CFCC393A0D5E}.Release|x86.Build.0 = Release|Win32
		{F56AC4BA-4FCC-4C19-A7A2-3CAF65DA3DCF}.Debug|x64.ActiveCfg = Debug|x64
		{F56AC4BA-4FCC-4C19-A7A2-3CAF65DA3DCF}.Debug|x64.Build.0 = Debug|x64
		{F56AC4BA-4FCC-4C19-A7A2-3CAF65DA3DCF}.Debug|x86.ActiveCfg = Debug|Win32
		{F56AC4BA-4FCC-4C19-A7A2-3CAF65DA3DCF}.Debug|x86.Build.0 = Debug|Win32
		{F56AC4BA-4FCC-4C19-A7A2-3CAF65DA3DCF}.Release|x64.ActiveCfg = Release|x64
		{F56AC4BA-4FCC-4C19-A7A2-3CAF65DA3DCF}.Release|x64.Build.0 = Release|x64
		{F56AC4BA-4FCC-4C19-A7A2-3CAF65DA3DCF}.Release|x86.ActiveCfg = Release|Win32
		{F56AC4BA-4FCC-4C19-A7A2-3CAF65DA3DCF}.Release|x86.Build.0 = Release|Win32
		{E223E733-7B63-436D-8DCD-D66C8AD527DC}.Debug|x64.ActiveCfg = Debug|x64
		{E223E733-7B63-436D-8DCD-D66C8AD527DC}.Debug|x64.Build.0 = Debug|x64
		{E223E733-7B63-436D-8DCD-D66C8AD527DC}.Debug|x86.ActiveCfg = Debug|Win32
		{E223E733-7B63-436D-8DCD-D66C8AD527DC}.Debug|x86.Build.0 = Debug|Win32
		{E223E733-7B63-436D-8DCD-D66C8AD527DC}.Release|x64.ActiveCfg = Release|x64
		{E223E733-7B63-436D-8DCD-D66C8AD527DC}.Release|x64.Build.0 = Release|x64
		{E223E733-7B63-436D-8DCD-D66C8AD527DC}.Release|x86.ActiveCfg = Release|Win32
		{E223E733-7B63-436D-8DCD-D66C8AD527DC}.Release|x86.Build.0 = Release|Win32
		{A3E186E2-49CC-41DB-B3DE-A9D922E1A878}.Debug|x64.ActiveCfg = Debug|x64
		{A3E186E2-49CC-41DB-B3DE-A9D922E1A878}.Debug|x64.Build.0 = Debug|x64
		{A3E186E2-49CC-41DB-B3DE-A9D922E1A878}.Debug|x86.ActiveCfg = Debug|Win32
		{A3E186E2-49CC-41DB-B3DE-A9D922E1A878}.Debug|x86.Build.0 = Debug|Win32
		{A3E186E2-49CC-41DB-B3DE-A9D922E1A878}.Release|x64.ActiveCfg = Release|x64
		{A3E186E2-49CC-41DB-B3DE-A9D922E1A878}.Release|x64.Build.0 = Release|x64
		{A3E186E2-49CC-41DB-B3DE-A9D922E1A878}.Release|x86.ActiveCfg = Release|Win32
		{A3E186E2-49CC-41DB-B3DE-A9D922E1A878}.Release|x86.Build.0 = Release|Win32
		{7A7A11D4-5F5D-4373-941A-1970A2948E4C}.Debug|x64.ActiveCfg = Debug|x64
		{7A7A11D4-5F5D-4373-941A-1970A2948E4C}.Debug|x64.Build.0 = Debug|x64
		{7A7A11D4-5F5D-4373-941A-1970A2948E4C}.Debug|x86.ActiveCfg = Debug|Win32
		{7A7A11D4-5F5D-4373-941A-1970A2948E4C}.Debug|x86.Build.0 = Debug|Win32
		{7A7A11D4-5F5D-4373-941A-1970A2948E4C}.Release|x64.ActiveCfg = Release|x64
		{7A7A11D4-5F5D-4373-941A-1970A2948E4C}.Release|x64.Build.0 = Release|x64
		{7A7A11D4-5F5D-4373-941A-1970A2948E4C}.Release|x86.ActiveCfg = Release|Win32
		{7A7A11D4-5F5D-4373-941A-1970A2948E4C}.Release|x86.Build.0 = Release|Win32
		{E004B8C7-B843-42EC-9AF6-261CE2C9B10D}.Debug|x64.ActiveCfg = Debug|x64
		{E004B8C7-B843-42EC-9AF6-261CE2C9B10D}.Debug|x64.Build.0 = Debug|x64
		{E004B8C7-B843-42EC-9AF6-261CE2C9B10D}.Debug|x86.ActiveCfg = Debug|Win32
		{E004B8C7-B843-42EC-9AF6-261CE2C9B10D}.Debug|x86.Build.0 = Debug|Win32
		{E004B8C7-B843-42EC-9AF6-261CE2C9B10D}.Release|x64.ActiveCfg = Release|x64
		{E004B8C7-B843-42EC-9AF6-261CE2C9B10D}.Release|x64.Build.0 = Release|x64
		{E004B8C7-B843-42EC-9AF6-261CE2C9B10D}.Release|x86.ActiveCfg = Release|Win32
		{E004B8C7-B843-42EC-9AF6-261CE2C9B10D}.Release|x86.Build.0 = Release|Win32
		{1E353272-A02C-462B-A88E-80005A0B5AB6}.Debug|x64.ActiveCfg = Debug|x64
		{1E353272-A02C-462B-A88E-80005A0B5AB6}.Debug|x64.Build.0 = Debug|x64
		{1E353272-A02C-462B-A88E-80005A0B5AB6}.Debug|x86.ActiveCfg = Debug|Win32
		{1E353272-A02C-462B-A88E-80005A0B5AB6}.Debug|x86.Build.0 = Debug|Win32
		{1E353272-A02C-462B-A88E-80005A0B5AB6}.Release|x64.ActiveCfg = Release|x64
		{1E353272-A02C-462B-A88E-80005A0B5AB6}.Release|x64.Build.0 = Release|x64
		{1E353272-A02C-462B-A88E-80005A0B5AB6}.Release|x86.ActiveCfg = Release|Win32
		{1E353272-A02C-462B-A88E-80005A0B5AB6}.Release|x86.Build.0 = Release|Win32
		{0DFE5035-3933-48A0-80E8-C3485C0ABE15}.Debug|x64.ActiveCfg = Debug|x64
		{0DFE5035-3933-48A0-80E8-C3485C0ABE15}.Debug|x64.Build.0 = Debug|x64
		{0DFE5035-3933-48A0-80E8-C3485C0ABE15}.Debug|x86.ActiveCfg = Debug|Win32
		{0DFE5035-3933-48A0-80E8-C3485C0ABE15}.Debug|x86.Build.0 = Debug|Win32
		{0DFE5035-3933-48A0-80E8-C3485C0ABE15}.Release|x64.ActiveCfg = Release|x64
		{0DFE5035-3933-48A0-80E8-C3485C0ABE15}.Release|x64.Build.0 = Release|x64
		{0DFE5035-3933-48A0-80E8-C3485C0ABE15}.Release|x86.ActiveCfg = Release|Win32
		{0DFE5035-3933-48A0-80E8-C3485C0ABE15}.Release|x86.Build.0 = Release|Win32
		{8A9216B8-E515-4CD9-89C3-AD1AD9DAD539}.Debug|x64.ActiveCfg = Debug|x64
		{8A9216B8-E515-4CD9-89C3-AD1AD9DAD539}.Debug|x64.Build.0 = Debug|x64
		{8A9216B8-E515-4CD9-89C3-AD1AD9DAD539}.Debug|x86.ActiveCfg = Debug|Win32
		{8A9216B8-E515-4CD9-89C3-AD1AD9DAD539}.Debug|x86.Build.0 = Debug|Win32
		{8A9216B8-E515-4CD9-89C3-AD1AD9DAD539}.Release|x64.ActiveCfg = Release|x64
		{8A9216B8-E515-4CD9-89C3-AD1AD9DAD539}.Release|x64.Build.0 = Release|x64
		{8A9216B8-E515-4CD9-89C3-AD1AD9DAD539}.Release|x86.ActiveCfg = Release|Win32
		{8A9216B8-E515-4CD9-89C3-AD1AD9DAD539}.Release|x86.Build.0 = Release|Win32
		{E9AACB87-5030-40D1-92B5-F262DD75F896}.Debug|x64.ActiveCfg = Debug|x64
		{E9AACB87-5030-40D1-92B5-F262DD75F896}.Debug|x64.Build.0 = Debug|x64
		{E9AACB87-5030-40D1-92B5-F262DD75F896}.Debug|x86.ActiveCfg = Debug|Win32
		{E9AACB87-5030-40D1-92B5-F262DD75F896}.Debug|x86.Build.0 = Debug|Win32
		{E9AACB87-5030-40D1-92B5-F262DD75F896}.Release|x64.ActiveCfg = Release|x64
		{E9AACB87-5030-40D1-92B5-F262DD75F896}.Release|x64.Build.0 = Release|x64
		{E9AACB87-5030-40D1-92B5-F262DD75F896}.Release|x86.ActiveCfg = Release|Win32
		{E9AACB87-5030-40D1-92B5-F262DD75F896}.Release|x86.Build.0 = Release|Win32
		{2BF89BE6-0D47-411B-BA11-4B8617965C59}.Debug|x64.ActiveCfg = Debug|x64
		{2BF89BE6-0D47-411B-BA11-4B8617965C59}.Debug|x64.Build.0 = Debug|x64
		{2BF89BE6-0D47-411B-BA11-4B8617965C59}.Debug|x86.ActiveCfg = Debug|Win32
		{2BF89BE6-0D47-411B-BA11-4B8617965C59}.Debug|x86.Build.0 = Debug|Win32
		{2BF89BE6-0D47-411B-BA11-4B8617965C59}.Release|x64.ActiveCfg = Release|x64
		{2BF89BE6-0D47-411B-BA11-4B8617965C59}.Release|x64.Build.0 = Release|x64
		{2BF89BE6-0D47-411B-BA11-4B8617965C59}.Release|x86.ActiveCfg = Release|Win32
		{2BF89BE6-0D47-411B-BA11-4B8617965C59}.Release|x86.Build.0 = Release|Win32
		{98AF9536-A5EE-4F87-8E6C-6F0C85ADBC47}.Debug|x64.ActiveCfg = Debug|x64
		{98AF9536-A5EE-4F87-8E6C-6F0C85ADBC47}.Debug|x64.Build.0 = Debug|x64
		{98AF9536-A5EE-4F87-8E6C-6F0C85ADBC47}.Debug|x86.ActiveCfg = Debug|Win32
		{98AF9536-A5EE-4F87-8E6C-6F0C85ADBC47}.Debug|x86.Build.0 = Debug|Win32
		{98AF9536-A5EE-4F87-8E6C-6F0C85ADBC47}.Release|x64.ActiveCfg = Release|x64
		{98AF9536-A5EE-4F87-8E6C-6F0C85ADBC47}.Release|x64.Build.0 = Release|x64
		{98AF9536-A5EE-4F87-8E6C-6F0C85ADBC47}.Release|x86.ActiveCfg = Release|Win32
		{98AF9536-A5EE-4F87-8E6C-6F0C85ADBC47}.Release|x86.Build.0 = Release|Win32
		{152088FD-9D28-44FE-83B2-305E3656542E}.Debug|x64.ActiveCfg = Debug|x64
		{152088FD-9D28-44FE-83B2-305E3656542E}.Debug|x64.Build.0 = Debug|x64
		{152088FD-9D28-44FE-83B2-305E3656542E}.Debug|x86.ActiveCfg = Debug|Win32
		{152088FD-9D28-44FE-83B2-305E3656542E}.Debug|x86.Build.0 = Debug|Win32
		{152088FD-9D28-44FE-83B2-305E3656542E}.Release|x64.ActiveCfg = Release|x64
		{152088FD-9D28-44FE-83B2-305E3656542E}.Release|x64.Build.0 = Release|x64
		{152088FD-9D28-44FE-83B2-305E3656542E}.Release|x86.ActiveCfg = Release|Win32
		{152088FD-9D28-44FE-83B2-305E3656542E}.Release|x86.Build.0 = Release|Win32
		{60256708-78C7-430E-98E0-399BBD5B4D2B}.Debug|x64.ActiveCfg = Debug|x64
		{60256708-78C7-430E-98E0-399BBD5B4D2B}.Debug|x64.Build.0 = Debug|x64
		{60256708-78C7-430E-98E0-399BBD5B4D2B}.Debug|x86.ActiveCfg = Debug|Win32
		{60256708-78C7-430E-98E0-399BBD5B4D2B}.Debug|x86.Build.0 = Debug|Win32
		{60256708-78C7-430E-98E0-399BBD5B4D2B}.Release|x64.ActiveCfg = Release|x64
		{60256708-78C7-430E-98E0-399BBD5B4D2B}.Release|x64.Build.0 = Release|x64
		{60256708-78C7-430E-98E0-399BBD5B4D2B}.Release|x86.ActiveCfg = Release|Win32
		{60256708-78C7-430E-98E0-399BBD5B4D2B}.Release|x86.Build.0 = Release|Win32
		{476678C1-2148-4779-BA31-E2133E976351}.Debug|x64.ActiveCfg = Debug|x64
		{476678C1-2148-4779-BA31-E2133E976351}.Debug|x64.Build.0 = Debug|x64
		{476678C1-2148-4779-BA31-E2133E976351}.Debug|x86.ActiveCfg = Debug|Win32
		{476678C1-2148-4779-BA31-E2133E976351}.Debug|x86.Build.0 = Debug|Win32
		{476678C1-2148-4779-BA31-E2133E976351}.Release|x64.ActiveCfg = Release|x64
		{476678C1-2148-4779-BA31-E2133E976351}.Release|x64.Build.0 = Release|x64
		{476678C1-2148-4779-BA31-E2133E976351}.Release|x86.ActiveCfg = Release|Win32
		{476678C1-2148-4779-BA31-E2133E976351}.Release|x86.Build.0 = Release|Win32
		{515DE5C8-FED1-440D-BACB-A8CFED9124C7}.Debug|x64.ActiveCfg = Debug|x64
		{515DE5C8-FED1-440D-BACB-A8CFED9124C7}.Debug|x64.Build.0 = Debug|x64
		{515DE5C8-FED1-440D-BACB-A8CFED9124C7}.Debug|x86.ActiveCfg = Debug|Win32
		{515DE5C8-FED1-440D-BACB-A8CFED9124C7}.Debug|x86.Build.0 = Debug|Win32
		{515DE5C8-FED1-440D-BACB-A8CFED9124C7}.Release|x64.ActiveCfg = Release|x64
		{515DE5C8-FED1-440D-BACB-A8CFED9124C7}.Release|x64.Build.0 = Release|x64
		{515DE5C8-FED1-440D-BACB-A8CFED9124C7}.Release|x86.ActiveCfg = Release|Win32
		{515DE5C8-FED1-440D-BACB-A8CFED9124C7}.Release|x86.Build.0 = Release|Win32
		{018AD480-80A5-4F73-9D08-7660C5C82ED4}.Debug|x64.ActiveCfg = Debug|x64
		{018AD480-80A5-4F73-9D08-7660C5C82ED4}.Debug|x64.Build.0 = Debug|x64
		{018AD480-80A5-4F73-9D08-7660C5C82ED4}.Debug|x86.ActiveCfg = Debug|Win32
		{018AD480-80A5-4F73-9D08-7660C5C82ED4}.Debug|x86.Build.0 = Debug|Win32
		{018AD480-80A5-4F73-9D08-7660C5C82ED4}.Release|x64.ActiveCfg = Release|x64
		{018AD480-80A5-4F73-9D08-7660C5C82ED4}.Release|x64.Build.0 = Release|x64
		{018AD480-80A5-4F73-9D08-7660C5C82ED4}.Release|x86.ActiveCfg = Release|Win32
		{018AD480-80A5-4F73-9D08-7660C5C82ED4}.Release|x86.Build.0 = Release|Win32
		{23462D61-53CB-43EC-9A13-58771AE3FC43}.Debug|x64.ActiveCfg = Debug|x64
		{23462D61-53CB-43EC-9A13-58771AE3FC43}.Debug|x64.Build.0 = Debug|x64
		{23462D61-53CB-43EC-9A13-58771AE3FC43}.Debug|x86.ActiveCfg = Debug|Win32
		{23462D61-53CB-43EC-9A13-58771AE3FC43}.Debug|x86.Build.0 = Debug|Win32
		{23462D61-53CB-43EC-9A13-58771AE3FC43}.Release|x64.ActiveCfg = Release|x64
		{23462D61-53CB-43EC-9A13-58771AE3FC43}.Release|x64.Build.0 = Release|x64
		{23462D61-53CB-43EC-9A13-58771AE3FC43}.Release|x86.ActiveCfg = Release|Win32
		{23462D61-53CB-43EC-9A13-58771AE3FC43}.Release|x86.Build.0 = Release|Win32
		{91D24595-D2B3-40EC-B4D1-D1798849DC88}.Debug|x64.ActiveCfg = Debug|x64
		{91D24595-D2B3-40EC-B4D1-D1798849DC88}.Debug|x64.Build.0 = Debug|x64
		{91D24595-D2B3-40EC-B4D1-D1798849DC88}.Debug|x86.ActiveCfg = Debug|Win32
		{91D24595-D2B3-40EC-B4D1-D1798849DC88}.Debug|x86.Build.0 = Debug|Win32
		{91D24595-D2B3-40EC-B4D1-D1798849DC88}.Release|x64.ActiveCfg = Release|x64
		{91D24595-D2B3-40EC-B4D1-D1798849DC88}.Release|x64.Build.0 = Release|x64
		{91D24595-D2B3-40EC-B4D1-D1798849DC88}.Release|x86.ActiveCfg = Release|Win32
		{91D24595-D2B3-40EC-B4D1-D1798849DC88}.Release|x86.Build.0 = Release|Win32
		{C4B20180-1F67-4D5B-9D66-4A261C82D68C}.Debug|x64.ActiveCfg = Debug|x64
		{C4B20180-1F67-4D5B-9D66-4A261C82D68C}.Debug|x64.Build.0 = Debug|x64
		{C4B20180-1F67-4D5B-9D66-4A261C82D68C}.Debug|x86.ActiveCfg = Debug|Win32
		{C4B20180-1F67-4D5B-9D66-4A261C82D68C}.Debug|x86.Build.0 = Debug|Win32
		{C4B20180-1F67-4D5B-9D66-4A261C82D68C}.Release|x64.ActiveCfg = Release|x64
		{C4B20180-1F67-4D5B-9D66-4A261C82D68C}.Release|x64.Build.0 = Release|x64
		{C4B20180-1F67-4D5B-9D66-4A261C82D68C}.Release|x86.ActiveCfg = Release|Win32
		{C4B20180-1F67-4D5B-9D66-4A261C82D68C}.Release|x86.Build.0 = Release|Win32
		{7399E936-4A82-4F14-A262-8C64ED946A14}.Debug|x64.ActiveCfg = Debug|x64
		{7399E936-4A82-4F14-A262-8C64ED946A14}.Debug|x64.Build.0 = Debug|x64
		{7399E936-4A82-4F14-A262-8C64ED946A14}.Debug|x86.ActiveCfg = Debug|Win32
		{7399E936-4A82-4F14-A262-8C64ED946A14}.Debug|x86.Build.0 = Debug|Win32
		{7399E936-4A82-4F14-A262-8C64ED946A14}.Release|x64.ActiveCfg = Release|x64
		{7399E936-4A82-4F14-A262-8C64ED946A14}.Release|x64.Build.0 = Release|x64
		{7399E936-4A82-4F14-A262-8C64ED946A14}.Release|x86.ActiveCfg = Release|Win32
		{7399E936-4A82-4F14-A262-8C64ED946A14}.Release|x86.Build.0 = Release|Win32
		{6C6A9E69-78C0-43C1-9B13-B6081A81D2A9}.Debug|x64.ActiveCfg = Debug|x64
		{6C6A9E69-78C0-43C1-9B13-B6081A81D2A9}.Debug|x64.Build.0 = Debug|x64
		{6C6A9E69-78C0-43C1-9B13-B6081A81D2A9}.Debug|x86.ActiveCfg = Debug|Win32
		{6C6A9E69-78C0-43C1-9B13-B6081A81D2A9}.Debug|x86.Build.0 = Debug|Win32
		{6C6A9E69-78C0-43C1-9B13-B6081A81D2A9}.Release|x64.ActiveCfg = Release|x64
		{6C6A9E69-78C0-43C1-9B13-B6081A81D2A9}.Release|x64.Build.0 = Release|x64
		{6C6A9E69-78C0-43C1-9B13-B6081A81D2A9}.Release|x86.ActiveCfg = Release|Win32
		{6C6A9E69-78C0-43C1-9B13-B6081A81D2A9}.Release|x86.Build.0 = Release|Win32
		{ECD69FA3-86FD-47C8-8DA9-7AEE92EBDA19}.Debug|x64.ActiveCfg = Debug|x64
		{ECD69FA3-86FD-47C8-8DA9-7AEE92EBDA19}.Debug|x64.Build.0 = Debug|x64
		{ECD69FA3-86FD-47C8-8DA9-7AEE92EBDA19}.Debug|x86.ActiveCfg = Debug|Win32
		{ECD69FA3-86FD-47C8-8DA9-7AEE92EBDA19}.Debug|x86.Build.0 = Debug|Win32
		{ECD69FA3-86FD-47C8-8DA9-7AEE92EBDA19}.Release|x64.ActiveCfg = Release|x64
		{ECD69FA3-86FD-47C8-8DA9-7AEE92EBDA19}.Release|x64.Build.0 = Release|x64
		{ECD69FA3-86FD-47C8-8DA9-7AEE92EBDA19}.Release|x86.ActiveCfg = Release|Win32
		{ECD69FA3-86FD-47C8-8DA9-7AEE92EBDA19}.Release|x86.Build.0 = Release|Win32
		{DF1FB410-A8A2-4FAE-ABA1-36D367F7ED41}.Debug|x64.ActiveCfg = Debug|x64
		{DF1FB410-A8A2-4FAE-ABA1-36D367F7ED41}.Debug|x64.Build.0 = Debug|x64
		{DF1FB410-A8A2-4FAE-ABA1-36D367F7ED41}.Debug|x86.ActiveCfg = Debug|Win32
		{DF1FB410-A8A2-4FAE-ABA1-36D367F7ED41}.Debug|x86.Build.0 = Debug|Win32
		{DF1FB410-A8A2-4FAE-ABA1-36D367F7ED41}.Release|x64.ActiveCfg = Release|x64
		{DF1FB410-A8A2-4FAE-ABA1-36D367F7ED41}.Release|x64.Build.0 = Release|x64
		{DF1FB410-A8A2-4FAE-ABA1-36D367F7ED41}.Release|x86.ActiveCfg = Release|Win32
		{DF1FB410-A8A2-4FAE-ABA1-36D367F7ED41}.Release|x86.Build.0 = Release|Win32
		{453B671E-7D85-4A2E-9E4B-1D9FB00F0A33}.Debug|x64.ActiveCfg = Debug|x64
		{453B671E-7D85-4A2E-9E4B-1D9FB00F0A33}.Debug|x64.Build.0 = Debug|x64
		{453B671E-7D85-4A2E-9E4B-1D9FB00F0A33}.Debug|x86.ActiveCfg = Debug|Win32
		{453B671E-7D85-4A2E-9E4B-1D9FB00F0A33}.Debug|x86.Build.0 = Debug|Win32
		{453B671E-7D85-4A2E-9E4B-1D9FB00F0A33}.Release|x64.ActiveCfg = Release|x64
		{453B671E-7D85-4A2E-9E4B-1D9FB00F0A33}.Release|x64.Build.0 = Release|x64
		{453B671E-7D85-4A2E-9E4B-1D9FB00F0A33}.Release|x86.ActiveCfg = Release|Win32
		{453B671E-7D85-4A2E-9E4B-1D9FB00F0A33}.Release|x86.Build.0 = Release|Win32
		{5B474A78-6E1A-4A8F-84F0-C99926D77CBA}.Debug|x64.ActiveCfg = Debug|x64
		{5B474A78-6E1A-4A8F-84F0-C99926D77CBA}.Debug|x64.Build.0 = Debug|x64
		{5B474A78-6E1A-4A8F-84F0-C99926D77CBA}.Debug|x86.ActiveCfg = Debug|Win32
		{5B474A78-6E1A-4A8F-84F0-C99926D77CBA}.Debug|x86.Build.0 = Debug|Win32
		{5B474A78-6E1A-4A8F-84F0-C99926D77CBA}.Release|x64.ActiveCfg = Release|x64
		{5B474A78-6E1A-4A8F-84F0-C99926D77CBA}.Release|x64.Build.0 = Release|x64
		{5B474A78-6E1A-4A8F-84F0-C99926D77CBA}.Release|x86.ActiveCfg = Release|Win32
		{5B474A78-6E1A-4A8F-84F0-C99926D77CBA}.Release|x86.Build.0 = Release|Win32
		{238C51B0-BD23-4DA1-B3E9-17012612914B}.Debug|x64.ActiveCfg = Debug|x64
		{238C51B0-BD23-4DA1-B3E9-17012612914B}.Debug|x64.Build.0 = Debug|x64
		{238C51B0-BD23-4DA1-B3E9-17012612914B}.Debug|x86.ActiveCfg = Debug|Win32
		{238C51B0-BD23-4DA1-B3E9-17012612914B}.Debug|x86.Build.0 = Debug|Win32
		{238C51B0-BD23-4DA1-B3E9-17012612914B}.Release|x64.ActiveCfg = Release|x64
		{238C51B0-BD23-4DA1-B3E9-17012612914B}.Release|x64.Build.0 = Release|x64
		{238C51B0-BD23-4DA1-B3E9-17012612914B}.Release|x86.ActiveCfg = Release|Win32
		{238C51B0-BD23-4DA1-B3E9-17012612914B}.Release|x86.Build.0 = Release|Win32
	EndGlobalSection
	GlobalSection(SolutionProperties) = preSolution
		HideSolutionNode = FALSE
	EndGlobalSection
	GlobalSection(ExtensibilityGlobals) = postSolution
		SolutionGuid = {85AC1671-1769-4D86-98D7-4D7D0EB9D696}
	EndGlobalSection
EndGlobal
